{
  "name": "starter-theme",
  "version": "1.0.0-alpha.1",
  "lockfileVersion": 1,
  "requires": true,
  "dependencies": {
    "@elkfox/grid": {
      "version": "0.0.1",
      "resolved": "https://registry.npmjs.org/@elkfox/grid/-/grid-0.0.1.tgz",
      "integrity": "sha512-cFOFue9/B/64JJEHmCFF6iCHfOS6t1hvBNEL07I+2EZ32Tzwn7NoSYQr75TmekbSJDCPIkI4ptjpk2+pEwKTMQ=="
    }
  }
}
