{
  "name": "concrete-slate",
  "version": "1.0.0-alpha.1",
  "lockfileVersion": 1,
  "requires": true,
  "dependencies": {
    "cartfox": {
      "version": "3.0.2-alpha",
      "resolved": "https://registry.npmjs.org/cartfox/-/cartfox-3.0.2-alpha.tgz",
      "integrity": "sha512-XUlmAWPktfUazCoMJWeNbz4j0dkw8z6wjyWWLN+i6rAfGmoHG+kG+QQBgBf7YOtGGaw5snf+eDgNvr1OETJKmw=="
    }
  }
}
